
Microsoft Visual Studio Solution File, Format Version 12.00
# Visual Studio Version 17
VisualStudioVersion = 17.11.35219.272
MinimumVisualStudioVersion = 10.0.40219.1
Project("{FAE04EC0-301F-11D3-BF4B-00C04F79EFBC}") = "Subcriber", "Subcriber\Subcriber.csproj", "{2BEB67B6-8314-4301-A46C-F5CA062EA6EA}"
EndProject
Global
	GlobalSection(SolutionConfigurationPlatforms) = preSolution
		Debug|Any CPU = Debug|Any CPU
		Release|Any CPU = Release|Any CPU
	EndGlobalSection
	GlobalSection(ProjectConfigurationPlatforms) = postSolution
		{2BEB67B6-8314-4301-A46C-F5CA062EA6EA}.Debug|Any CPU.ActiveCfg = Debug|Any CPU
		{2BEB67B6-8314-4301-A46C-F5CA062EA6EA}.Debug|Any CPU.Build.0 = Debug|Any CPU
		{2BEB67B6-8314-4301-A46C-F5CA062EA6EA}.Release|Any CPU.ActiveCfg = Release|Any CPU
		{2BEB67B6-8314-4301-A46C-F5CA062EA6EA}.Release|Any CPU.Build.0 = Release|Any CPU
	EndGlobalSection
	GlobalSection(SolutionProperties) = preSolution
		HideSolutionNode = FALSE
	EndGlobalSection
	GlobalSection(ExtensibilityGlobals) = postSolution
		SolutionGuid = {0F3AC8A3-24F8-4357-A10C-5D2EE1F8A94D}
	EndGlobalSection
EndGlobal
